
Microsoft Visual Studio Solution File, Format Version 12.00
# Visual Studio Version 17
VisualStudioVersion = 17.5.002.0
MinimumVisualStudioVersion = 10.0.40219.1
Project("{9A19103F-16F7-4668-BE54-9A1E7A4F7556}") = "Bob", "Bob.csproj", "{39C1B075-ED1C-4BDB-BEB4-F9AE0675539D}"
EndProject
Global
	GlobalSection(SolutionConfigurationPlatforms) = preSolution
		Debug|Any CPU = Debug|Any CPU
		Release|Any CPU = Release|Any CPU
	EndGlobalSection
	GlobalSection(ProjectConfigurationPlatforms) = postSolution
		{39C1B075-ED1C-4BDB-BEB4-F9AE0675539D}.Debug|Any CPU.ActiveCfg = Debug|Any CPU
		{39C1B075-ED1C-4BDB-BEB4-F9AE0675539D}.Debug|Any CPU.Build.0 = Debug|Any CPU
		{39C1B075-ED1C-4BDB-BEB4-F9AE0675539D}.Release|Any CPU.ActiveCfg = Release|Any CPU
		{39C1B075-ED1C-4BDB-BEB4-F9AE0675539D}.Release|Any CPU.Build.0 = Release|Any CPU
	EndGlobalSection
	GlobalSection(SolutionProperties) = preSolution
		HideSolutionNode = FALSE
	EndGlobalSection
	GlobalSection(ExtensibilityGlobals) = postSolution
		SolutionGuid = {B52C0AEB-1EBE-4D0E-B59F-E8C0012B6985}
	EndGlobalSection
EndGlobal
