
Microsoft Visual Studio Solution File, Format Version 12.00
# Visual Studio Version 17
VisualStudioVersion = 17.5.002.0
MinimumVisualStudioVersion = 10.0.40219.1
Project("{9A19103F-16F7-4668-BE54-9A1E7A4F7556}") = "InterestIsInteresting", "InterestIsInteresting.csproj", "{E2351978-74DF-4623-B7C6-31B59D0650F8}"
EndProject
Global
	GlobalSection(SolutionConfigurationPlatforms) = preSolution
		Debug|Any CPU = Debug|Any CPU
		Release|Any CPU = Release|Any CPU
	EndGlobalSection
	GlobalSection(ProjectConfigurationPlatforms) = postSolution
		{E2351978-74DF-4623-B7C6-31B59D0650F8}.Debug|Any CPU.ActiveCfg = Debug|Any CPU
		{E2351978-74DF-4623-B7C6-31B59D0650F8}.Debug|Any CPU.Build.0 = Debug|Any CPU
		{E2351978-74DF-4623-B7C6-31B59D0650F8}.Release|Any CPU.ActiveCfg = Release|Any CPU
		{E2351978-74DF-4623-B7C6-31B59D0650F8}.Release|Any CPU.Build.0 = Release|Any CPU
	EndGlobalSection
	GlobalSection(SolutionProperties) = preSolution
		HideSolutionNode = FALSE
	EndGlobalSection
	GlobalSection(ExtensibilityGlobals) = postSolution
		SolutionGuid = {835420F0-B9B3-4D7C-8F3F-79B3D345024C}
	EndGlobalSection
EndGlobal
